// !$*UTF8*$!
{
	archiveVersion = 1;
	classes = {
	};
	objectVersion = 50;
	objects = {

/* Begin PBXBuildFile section */
		1515BEA226DBEED60001548B /* AppDelegate.swift in Sources */ = {isa = PBXBuildFile; fileRef = 1515BEA126DBEED60001548B /* AppDelegate.swift */; };
		1515BEA426DBEED60001548B /* SceneDelegate.swift in Sources */ = {isa = PBXBuildFile; fileRef = 1515BEA326DBEED60001548B /* SceneDelegate.swift */; };
		1515BEA626DBEED60001548B /* ViewController.swift in Sources */ = {isa = PBXBuildFile; fileRef = 1515BEA526DBEED60001548B /* ViewController.swift */; };
		1515BEAB26DBEEE50001548B /* Assets.xcassets in Resources */ = {isa = PBXBuildFile; fileRef = 1515BEAA26DBEEE50001548B /* Assets.xcassets */; };
		1515BEAE26DBEEE50001548B /* LaunchScreen.storyboard in Resources */ = {isa = PBXBuildFile; fileRef = 1515BEAC26DBEEE50001548B /* LaunchScreen.storyboard */; };
		1515BEB926DBEEE50001548B /* JunTaskThreePinMapTests.swift in Sources */ = {isa = PBXBuildFile; fileRef = 1515BEB826DBEEE50001548B /* JunTaskThreePinMapTests.swift */; };
		1515BEC426DBEEE50001548B /* JunTaskThreePinMapUITests.swift in Sources */ = {isa = PBXBuildFile; fileRef = 1515BEC326DBEEE50001548B /* JunTaskThreePinMapUITests.swift */; };
/* End PBXBuildFile section */

/* Begin PBXContainerItemProxy section */
		1515BEB526DBEEE50001548B /* PBXContainerItemProxy */ = {
			isa = PBXContainerItemProxy;
			containerPortal = 1515BE9626DBEED60001548B /* Project object */;
			proxyType = 1;
			remoteGlobalIDString = 1515BE9D26DBEED60001548B;
			remoteInfo = JunTaskThreePinMap;
		};
		1515BEC026DBEEE50001548B /* PBXContainerItemProxy */ = {
			isa = PBXContainerItemProxy;
			containerPortal = 1515BE9626DBEED60001548B /* Project object */;
			proxyType = 1;
			remoteGlobalIDString = 1515BE9D26DBEED60001548B;
			remoteInfo = JunTaskThreePinMap;
		};
/* End PBXContainerItemProxy section */

/* Begin PBXFileReference section */
		1515BE9E26DBEED60001548B /* JunTaskThreePinMap.app */ = {isa = PBXFileReference; explicitFileType = wrapper.application; includeInIndex = 0; path = JunTaskThreePinMap.app; sourceTree = BUILT_PRODUCTS_DIR; };
		1515BEA126DBEED60001548B /* AppDelegate.swift */ = {isa = PBXFileReference; lastKnownFileType = sourcecode.swift; path = AppDelegate.swift; sourceTree = "<group>"; };
		1515BEA326DBEED60001548B /* SceneDelegate.swift */ = {isa = PBXFileReference; lastKnownFileType = sourcecode.swift; path = SceneDelegate.swift; sourceTree = "<group>"; };
		1515BEA526DBEED60001548B /* ViewController.swift */ = {isa = PBXFileReference; lastKnownFileType = sourcecode.swift; path = ViewController.swift; sourceTree = "<group>"; };
		1515BEAA26DBEEE50001548B /* Assets.xcassets */ = {isa = PBXFileReference; lastKnownFileType = folder.assetcatalog; path = Assets.xcassets; sourceTree = "<group>"; };
		1515BEAD26DBEEE50001548B /* Base */ = {isa = PBXFileReference; lastKnownFileType = file.storyboard; name = Base; path = Base.lproj/LaunchScreen.storyboard; sourceTree = "<group>"; };
		1515BEAF26DBEEE50001548B /* Info.plist */ = {isa = PBXFileReference; lastKnownFileType = text.plist.xml; path = Info.plist; sourceTree = "<group>"; };
		1515BEB426DBEEE50001548B /* JunTaskThreePinMapTests.xctest */ = {isa = PBXFileReference; explicitFileType = wrapper.cfbundle; includeInIndex = 0; path = JunTaskThreePinMapTests.xctest; sourceTree = BUILT_PRODUCTS_DIR; };
		1515BEB826DBEEE50001548B /* JunTaskThreePinMapTests.swift */ = {isa = PBXFileReference; lastKnownFileType = sourcecode.swift; path = JunTaskThreePinMapTests.swift; sourceTree = "<group>"; };
		1515BEBA26DBEEE50001548B /* Info.plist */ = {isa = PBXFileReference; lastKnownFileType = text.plist.xml; path = Info.plist; sourceTree = "<group>"; };
		1515BEBF26DBEEE50001548B /* JunTaskThreePinMapUITests.xctest */ = {isa = PBXFileReference; explicitFileType = wrapper.cfbundle; includeInIndex = 0; path = JunTaskThreePinMapUITests.xctest; sourceTree = BUILT_PRODUCTS_DIR; };
		1515BEC326DBEEE50001548B /* JunTaskThreePinMapUITests.swift */ = {isa = PBXFileReference; lastKnownFileType = sourcecode.swift; path = JunTaskThreePinMapUITests.swift; sourceTree = "<group>"; };
		1515BEC526DBEEE50001548B /* Info.plist */ = {isa = PBXFileReference; lastKnownFileType = text.plist.xml; path = Info.plist; sourceTree = "<group>"; };
/* End PBXFileReference section */

/* Begin PBXFrameworksBuildPhase section */
		1515BE9B26DBEED60001548B /* Frameworks */ = {
			isa = PBXFrameworksBuildPhase;
			buildActionMask = 2147483647;
			files = (
			);
			runOnlyForDeploymentPostprocessing = 0;
		};
		1515BEB126DBEEE50001548B /* Frameworks */ = {
			isa = PBXFrameworksBuildPhase;
			buildActionMask = 2147483647;
			files = (
			);
			runOnlyForDeploymentPostprocessing = 0;
		};
		1515BEBC26DBEEE50001548B /* Frameworks */ = {
			isa = PBXFrameworksBuildPhase;
			buildActionMask = 2147483647;
			files = (
			);
			runOnlyForDeploymentPostprocessing = 0;
		};
/* End PBXFrameworksBuildPhase section */

/* Begin PBXGroup section */
		1515BE9526DBEED60001548B = {
			isa = PBXGroup;
			children = (
				1515BEA026DBEED60001548B /* JunTaskThreePinMap */,
				1515BEB726DBEEE50001548B /* JunTaskThreePinMapTests */,
				1515BEC226DBEEE50001548B /* JunTaskThreePinMapUITests */,
				1515BE9F26DBEED60001548B /* Products */,
			);
			sourceTree = "<group>";
		};
		1515BE9F26DBEED60001548B /* Products */ = {
			isa = PBXGroup;
			children = (
				1515BE9E26DBEED60001548B /* JunTaskThreePinMap.app */,
				1515BEB426DBEEE50001548B /* JunTaskThreePinMapTests.xctest */,
				1515BEBF26DBEEE50001548B /* JunTaskThreePinMapUITests.xctest */,
			);
			name = Products;
			sourceTree = "<group>";
		};
		1515BEA026DBEED60001548B /* JunTaskThreePinMap */ = {
			isa = PBXGroup;
			children = (
				1515BEA126DBEED60001548B /* AppDelegate.swift */,
				1515BEA326DBEED60001548B /* SceneDelegate.swift */,
				1515BEA526DBEED60001548B /* ViewController.swift */,
				1515BEAA26DBEEE50001548B /* Assets.xcassets */,
				1515BEAC26DBEEE50001548B /* LaunchScreen.storyboard */,
				1515BEAF26DBEEE50001548B /* Info.plist */,
			);
			path = JunTaskThreePinMap;
			sourceTree = "<group>";
		};
		1515BEB726DBEEE50001548B /* JunTaskThreePinMapTests */ = {
			isa = PBXGroup;
			children = (
				1515BEB826DBEEE50001548B /* JunTaskThreePinMapTests.swift */,
				1515BEBA26DBEEE50001548B /* Info.plist */,
			);
			path = JunTaskThreePinMapTests;
			sourceTree = "<group>";
		};
		1515BEC226DBEEE50001548B /* JunTaskThreePinMapUITests */ = {
			isa = PBXGroup;
			children = (
				1515BEC326DBEEE50001548B /* JunTaskThreePinMapUITests.swift */,
				1515BEC526DBEEE50001548B /* Info.plist */,
			);
			path = JunTaskThreePinMapUITests;
			sourceTree = "<group>";
		};
/* End PBXGroup section */

/* Begin PBXNativeTarget section */
		1515BE9D26DBEED60001548B /* JunTaskThreePinMap */ = {
			isa = PBXNativeTarget;
			buildConfigurationList = 1515BEC826DBEEE50001548B /* Build configuration list for PBXNativeTarget "JunTaskThreePinMap" */;
			buildPhases = (
				1515BE9A26DBEED60001548B /* Sources */,
				1515BE9B26DBEED60001548B /* Frameworks */,
				1515BE9C26DBEED60001548B /* Resources */,
			);
			buildRules = (
			);
			dependencies = (
			);
			name = JunTaskThreePinMap;
			productName = JunTaskThreePinMap;
			productReference = 1515BE9E26DBEED60001548B /* JunTaskThreePinMap.app */;
			productType = "com.apple.product-type.application";
		};
		1515BEB326DBEEE50001548B /* JunTaskThreePinMapTests */ = {
			isa = PBXNativeTarget;
			buildConfigurationList = 1515BECB26DBEEE50001548B /* Build configuration list for PBXNativeTarget "JunTaskThreePinMapTests" */;
			buildPhases = (
				1515BEB026DBEEE50001548B /* Sources */,
				1515BEB126DBEEE50001548B /* Frameworks */,
				1515BEB226DBEEE50001548B /* Resources */,
			);
			buildRules = (
			);
			dependencies = (
				1515BEB626DBEEE50001548B /* PBXTargetDependency */,
			);
			name = JunTaskThreePinMapTests;
			productName = JunTaskThreePinMapTests;
			productReference = 1515BEB426DBEEE50001548B /* JunTaskThreePinMapTests.xctest */;
			productType = "com.apple.product-type.bundle.unit-test";
		};
		1515BEBE26DBEEE50001548B /* JunTaskThreePinMapUITests */ = {
			isa = PBXNativeTarget;
			buildConfigurationList = 1515BECE26DBEEE50001548B /* Build configuration list for PBXNativeTarget "JunTaskThreePinMapUITests" */;
			buildPhases = (
				1515BEBB26DBEEE50001548B /* Sources */,
				1515BEBC26DBEEE50001548B /* Frameworks */,
				1515BEBD26DBEEE50001548B /* Resources */,
			);
			buildRules = (
			);
			dependencies = (
				1515BEC126DBEEE50001548B /* PBXTargetDependency */,
			);
			name = JunTaskThreePinMapUITests;
			productName = JunTaskThreePinMapUITests;
			productReference = 1515BEBF26DBEEE50001548B /* JunTaskThreePinMapUITests.xctest */;
			productType = "com.apple.product-type.bundle.ui-testing";
		};
/* End PBXNativeTarget section */

/* Begin PBXProject section */
		1515BE9626DBEED60001548B /* Project object */ = {
			isa = PBXProject;
			attributes = {
				LastSwiftUpdateCheck = 1250;
				LastUpgradeCheck = 1250;
				TargetAttributes = {
					1515BE9D26DBEED60001548B = {
						CreatedOnToolsVersion = 12.5.1;
					};
					1515BEB326DBEEE50001548B = {
						CreatedOnToolsVersion = 12.5.1;
						TestTargetID = 1515BE9D26DBEED60001548B;
					};
					1515BEBE26DBEEE50001548B = {
						CreatedOnToolsVersion = 12.5.1;
						TestTargetID = 1515BE9D26DBEED60001548B;
					};
				};
			};
			buildConfigurationList = 1515BE9926DBEED60001548B /* Build configuration list for PBXProject "JunTaskThreePinMap" */;
			compatibilityVersion = "Xcode 9.3";
			developmentRegion = en;
			hasScannedForEncodings = 0;
			knownRegions = (
				en,
				Base,
			);
			mainGroup = 1515BE9526DBEED60001548B;
			productRefGroup = 1515BE9F26DBEED60001548B /* Products */;
			projectDirPath = "";
			projectRoot = "";
			targets = (
				1515BE9D26DBEED60001548B /* JunTaskThreePinMap */,
				1515BEB326DBEEE50001548B /* JunTaskThreePinMapTests */,
				1515BEBE26DBEEE50001548B /* JunTaskThreePinMapUITests */,
			);
		};
/* End PBXProject section */

/* Begin PBXResourcesBuildPhase section */
		1515BE9C26DBEED60001548B /* Resources */ = {
			isa = PBXResourcesBuildPhase;
			buildActionMask = 2147483647;
			files = (
				1515BEAE26DBEEE50001548B /* LaunchScreen.storyboard in Resources */,
				1515BEAB26DBEEE50001548B /* Assets.xcassets in Resources */,
			);
			runOnlyForDeploymentPostprocessing = 0;
		};
		1515BEB226DBEEE50001548B /* Resources */ = {
			isa = PBXResourcesBuildPhase;
			buildActionMask = 2147483647;
			files = (
			);
			runOnlyForDeploymentPostprocessing = 0;
		};
		1515BEBD26DBEEE50001548B /* Resources */ = {
			isa = PBXResourcesBuildPhase;
			buildActionMask = 2147483647;
			files = (
			);
			runOnlyForDeploymentPostprocessing = 0;
		};
/* End PBXResourcesBuildPhase section */

/* Begin PBXSourcesBuildPhase section */
		1515BE9A26DBEED60001548B /* Sources */ = {
			isa = PBXSourcesBuildPhase;
			buildActionMask = 2147483647;
			files = (
				1515BEA626DBEED60001548B /* ViewController.swift in Sources */,
				1515BEA226DBEED60001548B /* AppDelegate.swift in Sources */,
				1515BEA426DBEED60001548B /* SceneDelegate.swift in Sources */,
			);
			runOnlyForDeploymentPostprocessing = 0;
		};
		1515BEB026DBEEE50001548B /* Sources */ = {
			isa = PBXSourcesBuildPhase;
			buildActionMask = 2147483647;
			files = (
				1515BEB926DBEEE50001548B /* JunTaskThreePinMapTests.swift in Sources */,
			);
			runOnlyForDeploymentPostprocessing = 0;
		};
		1515BEBB26DBEEE50001548B /* Sources */ = {
			isa = PBXSourcesBuildPhase;
			buildActionMask = 2147483647;
			files = (
				1515BEC426DBEEE50001548B /* JunTaskThreePinMapUITests.swift in Sources */,
			);
			runOnlyForDeploymentPostprocessing = 0;
		};
/* End PBXSourcesBuildPhase section */

/* Begin PBXTargetDependency section */
		1515BEB626DBEEE50001548B /* PBXTargetDependency */ = {
			isa = PBXTargetDependency;
			target = 1515BE9D26DBEED60001548B /* JunTaskThreePinMap */;
			targetProxy = 1515BEB526DBEEE50001548B /* PBXContainerItemProxy */;
		};
		1515BEC126DBEEE50001548B /* PBXTargetDependency */ = {
			isa = PBXTargetDependency;
			target = 1515BE9D26DBEED60001548B /* JunTaskThreePinMap */;
			targetProxy = 1515BEC026DBEEE50001548B /* PBXContainerItemProxy */;
		};
/* End PBXTargetDependency section */

/* Begin PBXVariantGroup section */
		1515BEAC26DBEEE50001548B /* LaunchScreen.storyboard */ = {
			isa = PBXVariantGroup;
			children = (
				1515BEAD26DBEEE50001548B /* Base */,
			);
			name = LaunchScreen.storyboard;
			sourceTree = "<group>";
		};
/* End PBXVariantGroup section */

/* Begin XCBuildConfiguration section */
		1515BEC626DBEEE50001548B /* Debug */ = {
			isa = XCBuildConfiguration;
			buildSettings = {
				ALWAYS_SEARCH_USER_PATHS = NO;
				CLANG_ANALYZER_NONNULL = YES;
				CLANG_ANALYZER_NUMBER_OBJECT_CONVERSION = YES_AGGRESSIVE;
				CLANG_CXX_LANGUAGE_STANDARD = "gnu++14";
				CLANG_CXX_LIBRARY = "libc++";
				CLANG_ENABLE_MODULES = YES;
				CLANG_ENABLE_OBJC_ARC = YES;
				CLANG_ENABLE_OBJC_WEAK = YES;
				CLANG_WARN_BLOCK_CAPTURE_AUTORELEASING = YES;
				CLANG_WARN_BOOL_CONVERSION = YES;
				CLANG_WARN_COMMA = YES;
				CLANG_WARN_CONSTANT_CONVERSION = YES;
				CLANG_WARN_DEPRECATED_OBJC_IMPLEMENTATIONS = YES;
				CLANG_WARN_DIRECT_OBJC_ISA_USAGE = YES_ERROR;
				CLANG_WARN_DOCUMENTATION_COMMENTS = YES;
				CLANG_WARN_EMPTY_BODY = YES;
				CLANG_WARN_ENUM_CONVERSION = YES;
				CLANG_WARN_INFINITE_RECURSION = YES;
				CLANG_WARN_INT_CONVERSION = YES;
				CLANG_WARN_NON_LITERAL_NULL_CONVERSION = YES;
				CLANG_WARN_OBJC_IMPLICIT_RETAIN_SELF = YES;
				CLANG_WARN_OBJC_LITERAL_CONVERSION = YES;
				CLANG_WARN_OBJC_ROOT_CLASS = YES_ERROR;
				CLANG_WARN_QUOTED_INCLUDE_IN_FRAMEWORK_HEADER = YES;
				CLANG_WARN_RANGE_LOOP_ANALYSIS = YES;
				CLANG_WARN_STRICT_PROTOTYPES = YES;
				CLANG_WARN_SUSPICIOUS_MOVE = YES;
				CLANG_WARN_UNGUARDED_AVAILABILITY = YES_AGGRESSIVE;
				CLANG_WARN_UNREACHABLE_CODE = YES;
				CLANG_WARN__DUPLICATE_METHOD_MATCH = YES;
				COPY_PHASE_STRIP = NO;
				DEBUG_INFORMATION_FORMAT = dwarf;
				ENABLE_STRICT_OBJC_MSGSEND = YES;
				ENABLE_TESTABILITY = YES;
				GCC_C_LANGUAGE_STANDARD = gnu11;
				GCC_DYNAMIC_NO_PIC = NO;
				GCC_NO_COMMON_BLOCKS = YES;
				GCC_OPTIMIZATION_LEVEL = 0;
				GCC_PREPROCESSOR_DEFINITIONS = (
					"DEBUG=1",
					"$(inherited)",
				);
				GCC_WARN_64_TO_32_BIT_CONVERSION = YES;
				GCC_WARN_ABOUT_RETURN_TYPE = YES_ERROR;
				GCC_WARN_UNDECLARED_SELECTOR = YES;
				GCC_WARN_UNINITIALIZED_AUTOS = YES_AGGRESSIVE;
				GCC_WARN_UNUSED_FUNCTION = YES;
				GCC_WARN_UNUSED_VARIABLE = YES;
				IPHONEOS_DEPLOYMENT_TARGET = 14.5;
				MTL_ENABLE_DEBUG_INFO = INCLUDE_SOURCE;
				MTL_FAST_MATH = YES;
				ONLY_ACTIVE_ARCH = YES;
				SDKROOT = iphoneos;
				SWIFT_ACTIVE_COMPILATION_CONDITIONS = DEBUG;
				SWIFT_OPTIMIZATION_LEVEL = "-Onone";
			};
			name = Debug;
		};
		1515BEC726DBEEE50001548B /* Release */ = {
			isa = XCBuildConfiguration;
			buildSettings = {
				ALWAYS_SEARCH_USER_PATHS = NO;
				CLANG_ANALYZER_NONNULL = YES;
				CLANG_ANALYZER_NUMBER_OBJECT_CONVERSION = YES_AGGRESSIVE;
				CLANG_CXX_LANGUAGE_STANDARD = "gnu++14";
				CLANG_CXX_LIBRARY = "libc++";
				CLANG_ENABLE_MODULES = YES;
				CLANG_ENABLE_OBJC_ARC = YES;
				CLANG_ENABLE_OBJC_WEAK = YES;
				CLANG_WARN_BLOCK_CAPTURE_AUTORELEASING = YES;
				CLANG_WARN_BOOL_CONVERSION = YES;
				CLANG_WARN_COMMA = YES;
				CLANG_WARN_CONSTANT_CONVERSION = YES;
				CLANG_WARN_DEPRECATED_OBJC_IMPLEMENTATIONS = YES;
				CLANG_WARN_DIRECT_OBJC_ISA_USAGE = YES_ERROR;
				CLANG_WARN_DOCUMENTATION_COMMENTS = YES;
				CLANG_WARN_EMPTY_BODY = YES;
				CLANG_WARN_ENUM_CONVERSION = YES;
				CLANG_WARN_INFINITE_RECURSION = YES;
				CLANG_WARN_INT_CONVERSION = YES;
				CLANG_WARN_NON_LITERAL_NULL_CONVERSION = YES;
				CLANG_WARN_OBJC_IMPLICIT_RETAIN_SELF = YES;
				CLANG_WARN_OBJC_LITERAL_CONVERSION = YES;
				CLANG_WARN_OBJC_ROOT_CLASS = YES_ERROR;
				CLANG_WARN_QUOTED_INCLUDE_IN_FRAMEWORK_HEADER = YES;
				CLANG_WARN_RANGE_LOOP_ANALYSIS = YES;
				CLANG_WARN_STRICT_PROTOTYPES = YES;
				CLANG_WARN_SUSPICIOUS_MOVE = YES;
				CLANG_WARN_UNGUARDED_AVAILABILITY = YES_AGGRESSIVE;
				CLANG_WARN_UNREACHABLE_CODE = YES;
				CLANG_WARN__DUPLICATE_METHOD_MATCH = YES;
				COPY_PHASE_STRIP = NO;
				DEBUG_INFORMATION_FORMAT = "dwarf-with-dsym";
				ENABLE_NS_ASSERTIONS = NO;
				ENABLE_STRICT_OBJC_MSGSEND = YES;
				GCC_C_LANGUAGE_STANDARD = gnu11;
				GCC_NO_COMMON_BLOCKS = YES;
				GCC_WARN_64_TO_32_BIT_CONVERSION = YES;
				GCC_WARN_ABOUT_RETURN_TYPE = YES_ERROR;
				GCC_WARN_UNDECLARED_SELECTOR = YES;
				GCC_WARN_UNINITIALIZED_AUTOS = YES_AGGRESSIVE;
				GCC_WARN_UNUSED_FUNCTION = YES;
				GCC_WARN_UNUSED_VARIABLE = YES;
				IPHONEOS_DEPLOYMENT_TARGET = 14.5;
				MTL_ENABLE_DEBUG_INFO = NO;
				MTL_FAST_MATH = YES;
				SDKROOT = iphoneos;
				SWIFT_COMPILATION_MODE = wholemodule;
				SWIFT_OPTIMIZATION_LEVEL = "-O";
				VALIDATE_PRODUCT = YES;
			};
			name = Release;
		};
		1515BEC926DBEEE50001548B /* Debug */ = {
			isa = XCBuildConfiguration;
			buildSettings = {
				ASSETCATALOG_COMPILER_APPICON_NAME = AppIcon;
				ASSETCATALOG_COMPILER_GLOBAL_ACCENT_COLOR_NAME = AccentColor;
				CODE_SIGN_STYLE = Automatic;
				DEVELOPMENT_TEAM = W29VR3P4M2;
				INFOPLIST_FILE = JunTaskThreePinMap/Info.plist;
				LD_RUNPATH_SEARCH_PATHS = (
					"$(inherited)",
					"@executable_path/Frameworks",
				);
				PRODUCT_BUNDLE_IDENTIFIER = igorguryan.JunTaskThreePinMap;
				PRODUCT_NAME = "$(TARGET_NAME)";
				SWIFT_VERSION = 5.0;
				TARGETED_DEVICE_FAMILY = "1,2";
			};
			name = Debug;
		};
		1515BECA26DBEEE50001548B /* Release */ = {
			isa = XCBuildConfiguration;
			buildSettings = {
				ASSETCATALOG_COMPILER_APPICON_NAME = AppIcon;
				ASSETCATALOG_COMPILER_GLOBAL_ACCENT_COLOR_NAME = AccentColor;
				CODE_SIGN_STYLE = Automatic;
				DEVELOPMENT_TEAM = W29VR3P4M2;
				INFOPLIST_FILE = JunTaskThreePinMap/Info.plist;
				LD_RUNPATH_SEARCH_PATHS = (
					"$(inherited)",
					"@executable_path/Frameworks",
				);
				PRODUCT_BUNDLE_IDENTIFIER = igorguryan.JunTaskThreePinMap;
				PRODUCT_NAME = "$(TARGET_NAME)";
				SWIFT_VERSION = 5.0;
				TARGETED_DEVICE_FAMILY = "1,2";
			};
			name = Release;
		};
		1515BECC26DBEEE50001548B /* Debug */ = {
			isa = XCBuildConfiguration;
			buildSettings = {
				ALWAYS_EMBED_SWIFT_STANDARD_LIBRARIES = YES;
				BUNDLE_LOADER = "$(TEST_HOST)";
				CODE_SIGN_STYLE = Automatic;
				DEVELOPMENT_TEAM = W29VR3P4M2;
				INFOPLIST_FILE = JunTaskThreePinMapTests/Info.plist;
				IPHONEOS_DEPLOYMENT_TARGET = 14.5;
				LD_RUNPATH_SEARCH_PATHS = (
					"$(inherited)",
					"@executable_path/Frameworks",
					"@loader_path/Frameworks",
				);
				PRODUCT_BUNDLE_IDENTIFIER = igorguryan.JunTaskThreePinMapTests;
				PRODUCT_NAME = "$(TARGET_NAME)";
				SWIFT_VERSION = 5.0;
				TARGETED_DEVICE_FAMILY = "1,2";
				TEST_HOST = "$(BUILT_PRODUCTS_DIR)/JunTaskThreePinMap.app/JunTaskThreePinMap";
			};
			name = Debug;
		};
		1515BECD26DBEEE50001548B /* Release */ = {
			isa = XCBuildConfiguration;
			buildSettings = {
				ALWAYS_EMBED_SWIFT_STANDARD_LIBRARIES = YES;
				BUNDLE_LOADER = "$(TEST_HOST)";
				CODE_SIGN_STYLE = Automatic;
				DEVELOPMENT_TEAM = W29VR3P4M2;
				INFOPLIST_FILE = JunTaskThreePinMapTests/Info.plist;
				IPHONEOS_DEPLOYMENT_TARGET = 14.5;
				LD_RUNPATH_SEARCH_PATHS = (
					"$(inherited)",
					"@executable_path/Frameworks",
					"@loader_path/Frameworks",
				);
				PRODUCT_BUNDLE_IDENTIFIER = igorguryan.JunTaskThreePinMapTests;
				PRODUCT_NAME = "$(TARGET_NAME)";
				SWIFT_VERSION = 5.0;
				TARGETED_DEVICE_FAMILY = "1,2";
				TEST_HOST = "$(BUILT_PRODUCTS_DIR)/JunTaskThreePinMap.app/JunTaskThreePinMap";
			};
			name = Release;
		};
		1515BECF26DBEEE50001548B /* Debug */ = {
			isa = XCBuildConfiguration;
			buildSettings = {
				ALWAYS_EMBED_SWIFT_STANDARD_LIBRARIES = YES;
				CODE_SIGN_STYLE = Automatic;
				DEVELOPMENT_TEAM = W29VR3P4M2;
				INFOPLIST_FILE = JunTaskThreePinMapUITests/Info.plist;
				LD_RUNPATH_SEARCH_PATHS = (
					"$(inherited)",
					"@executable_path/Frameworks",
					"@loader_path/Frameworks",
				);
				PRODUCT_BUNDLE_IDENTIFIER = igorguryan.JunTaskThreePinMapUITests;
				PRODUCT_NAME = "$(TARGET_NAME)";
				SWIFT_VERSION = 5.0;
				TARGETED_DEVICE_FAMILY = "1,2";
				TEST_TARGET_NAME = JunTaskThreePinMap;
			};
			name = Debug;
		};
		1515BED026DBEEE50001548B /* Release */ = {
			isa = XCBuildConfiguration;
			buildSettings = {
				ALWAYS_EMBED_SWIFT_STANDARD_LIBRARIES = YES;
				CODE_SIGN_STYLE = Automatic;
				DEVELOPMENT_TEAM = W29VR3P4M2;
				INFOPLIST_FILE = JunTaskThreePinMapUITests/Info.plist;
				LD_RUNPATH_SEARCH_PATHS = (
					"$(inherited)",
					"@executable_path/Frameworks",
					"@loader_path/Frameworks",
				);
				PRODUCT_BUNDLE_IDENTIFIER = igorguryan.JunTaskThreePinMapUITests;
				PRODUCT_NAME = "$(TARGET_NAME)";
				SWIFT_VERSION = 5.0;
				TARGETED_DEVICE_FAMILY = "1,2";
				TEST_TARGET_NAME = JunTaskThreePinMap;
			};
			name = Release;
		};
/* End XCBuildConfiguration section */

/* Begin XCConfigurationList section */
		1515BE9926DBEED60001548B /* Build configuration list for PBXProject "JunTaskThreePinMap" */ = {
			isa = XCConfigurationList;
			buildConfigurations = (
				1515BEC626DBEEE50001548B /* Debug */,
				1515BEC726DBEEE50001548B /* Release */,
			);
			defaultConfigurationIsVisible = 0;
			defaultConfigurationName = Release;
		};
		1515BEC826DBEEE50001548B /* Build configuration list for PBXNativeTarget "JunTaskThreePinMap" */ = {
			isa = XCConfigurationList;
			buildConfigurations = (
				1515BEC926DBEEE50001548B /* Debug */,
				1515BECA26DBEEE50001548B /* Release */,
			);
			defaultConfigurationIsVisible = 0;
			defaultConfigurationName = Release;
		};
		1515BECB26DBEEE50001548B /* Build configuration list for PBXNativeTarget "JunTaskThreePinMapTests" */ = {
			isa = XCConfigurationList;
			buildConfigurations = (
				1515BECC26DBEEE50001548B /* Debug */,
				1515BECD26DBEEE50001548B /* Release */,
			);
			defaultConfigurationIsVisible = 0;
			defaultConfigurationName = Release;
		};
		1515BECE26DBEEE50001548B /* Build configuration list for PBXNativeTarget "JunTaskThreePinMapUITests" */ = {
			isa = XCConfigurationList;
			buildConfigurations = (
				1515BECF26DBEEE50001548B /* Debug */,
				1515BED026DBEEE50001548B /* Release */,
			);
			defaultConfigurationIsVisible = 0;
			defaultConfigurationName = Release;
		};
/* End XCConfigurationList section */
	};
	rootObject = 1515BE9626DBEED60001548B /* Project object */;
}
